// !$*UTF8*$!
{
	archiveVersion = 1;
	classes = {
	};
	objectVersion = 50;
	objects = {

/* Begin PBXBuildFile section */
		FA70998E23D1D21100C7E1AA /* TrackPlayerView.swift in Sources */ = {isa = PBXBuildFile; fileRef = FA70998D23D1D21100C7E1AA /* TrackPlayerView.swift */; };
		FAB8793023D092D500A99957 /* Extension + UIViewController.swift in Sources */ = {isa = PBXBuildFile; fileRef = FAB8792F23D092D500A99957 /* Extension + UIViewController.swift */; };
		FAB8793223D095C200A99957 /* TrackTableViewCell.swift in Sources */ = {isa = PBXBuildFile; fileRef = FAB8793123D095C200A99957 /* TrackTableViewCell.swift */; };
		FAC9831123D05753008A7CCA /* AppDelegate.swift in Sources */ = {isa = PBXBuildFile; fileRef = FAC9831023D05753008A7CCA /* AppDelegate.swift */; };
		FAC9831323D05753008A7CCA /* SceneDelegate.swift in Sources */ = {isa = PBXBuildFile; fileRef = FAC9831223D05753008A7CCA /* SceneDelegate.swift */; };
		FAC9831A23D05763008A7CCA /* Assets.xcassets in Resources */ = {isa = PBXBuildFile; fileRef = FAC9831923D05763008A7CCA /* Assets.xcassets */; };
		FAC9831D23D05763008A7CCA /* LaunchScreen.storyboard in Resources */ = {isa = PBXBuildFile; fileRef = FAC9831B23D05763008A7CCA /* LaunchScreen.storyboard */; };
		FAC9832523D05A5F008A7CCA /* MainTabBarController.swift in Sources */ = {isa = PBXBuildFile; fileRef = FAC9832423D05A5F008A7CCA /* MainTabBarController.swift */; };
		FAC9832723D05ACC008A7CCA /* SearchViewController.swift in Sources */ = {isa = PBXBuildFile; fileRef = FAC9832623D05ACC008A7CCA /* SearchViewController.swift */; };
		FAC9832923D05AF2008A7CCA /* LibraryViewController.swift in Sources */ = {isa = PBXBuildFile; fileRef = FAC9832823D05AF2008A7CCA /* LibraryViewController.swift */; };
		FAC9832B23D07D94008A7CCA /* ResponsModel.swift in Sources */ = {isa = PBXBuildFile; fileRef = FAC9832A23D07D94008A7CCA /* ResponsModel.swift */; };
		FAC9832E23D0819D008A7CCA /* SearchInteractor.swift in Sources */ = {isa = PBXBuildFile; fileRef = FAC9832D23D0819D008A7CCA /* SearchInteractor.swift */; };
		FAC9833023D081B4008A7CCA /* SearchPresenter.swift in Sources */ = {isa = PBXBuildFile; fileRef = FAC9832F23D081B4008A7CCA /* SearchPresenter.swift */; };
		FADA614B23D087230044E019 /* DataProvider.swift in Sources */ = {isa = PBXBuildFile; fileRef = FADA614A23D087230044E019 /* DataProvider.swift */; };
		FAEBBD9323E3094600B6F244 /* CMTime + Extension.swift in Sources */ = {isa = PBXBuildFile; fileRef = FAEBBD9223E3094600B6F244 /* CMTime + Extension.swift */; };
		FAF9C66C23ED547900EDFBB5 /* PersistentStore.xcdatamodeld in Sources */ = {isa = PBXBuildFile; fileRef = FAF9C66A23ED547900EDFBB5 /* PersistentStore.xcdatamodeld */; };
		FAF9C66E23ED555900EDFBB5 /* StoreManager.swift in Sources */ = {isa = PBXBuildFile; fileRef = FAF9C66D23ED555900EDFBB5 /* StoreManager.swift */; };
		FAF9C67123ED560700EDFBB5 /* StoreTrack+CoreDataClass.swift in Sources */ = {isa = PBXBuildFile; fileRef = FAF9C66F23ED560700EDFBB5 /* StoreTrack+CoreDataClass.swift */; };
		FAF9C67223ED560700EDFBB5 /* StoreTrack+CoreDataProperties.swift in Sources */ = {isa = PBXBuildFile; fileRef = FAF9C67023ED560700EDFBB5 /* StoreTrack+CoreDataProperties.swift */; };
		FAF9C67423ED984700EDFBB5 /* LibraryInteractor.swift in Sources */ = {isa = PBXBuildFile; fileRef = FAF9C67323ED984700EDFBB5 /* LibraryInteractor.swift */; };
		FAF9C67623ED985700EDFBB5 /* LibraryPresenter.swift in Sources */ = {isa = PBXBuildFile; fileRef = FAF9C67523ED985700EDFBB5 /* LibraryPresenter.swift */; };
/* End PBXBuildFile section */

/* Begin PBXFileReference section */
		FA70998D23D1D21100C7E1AA /* TrackPlayerView.swift */ = {isa = PBXFileReference; lastKnownFileType = sourcecode.swift; path = TrackPlayerView.swift; sourceTree = "<group>"; };
		FAB8792F23D092D500A99957 /* Extension + UIViewController.swift */ = {isa = PBXFileReference; lastKnownFileType = sourcecode.swift; path = "Extension + UIViewController.swift"; sourceTree = "<group>"; };
		FAB8793123D095C200A99957 /* TrackTableViewCell.swift */ = {isa = PBXFileReference; lastKnownFileType = sourcecode.swift; path = TrackTableViewCell.swift; sourceTree = "<group>"; };
		FAC9830D23D05753008A7CCA /* iTunesPlayer.app */ = {isa = PBXFileReference; explicitFileType = wrapper.application; includeInIndex = 0; path = iTunesPlayer.app; sourceTree = BUILT_PRODUCTS_DIR; };
		FAC9831023D05753008A7CCA /* AppDelegate.swift */ = {isa = PBXFileReference; lastKnownFileType = sourcecode.swift; path = AppDelegate.swift; sourceTree = "<group>"; };
		FAC9831223D05753008A7CCA /* SceneDelegate.swift */ = {isa = PBXFileReference; lastKnownFileType = sourcecode.swift; path = SceneDelegate.swift; sourceTree = "<group>"; };
		FAC9831923D05763008A7CCA /* Assets.xcassets */ = {isa = PBXFileReference; lastKnownFileType = folder.assetcatalog; path = Assets.xcassets; sourceTree = "<group>"; };
		FAC9831C23D05763008A7CCA /* Base */ = {isa = PBXFileReference; lastKnownFileType = file.storyboard; name = Base; path = Base.lproj/LaunchScreen.storyboard; sourceTree = "<group>"; };
		FAC9831E23D05763008A7CCA /* Info.plist */ = {isa = PBXFileReference; lastKnownFileType = text.plist.xml; path = Info.plist; sourceTree = "<group>"; };
		FAC9832423D05A5F008A7CCA /* MainTabBarController.swift */ = {isa = PBXFileReference; lastKnownFileType = sourcecode.swift; path = MainTabBarController.swift; sourceTree = "<group>"; };
		FAC9832623D05ACC008A7CCA /* SearchViewController.swift */ = {isa = PBXFileReference; lastKnownFileType = sourcecode.swift; path = SearchViewController.swift; sourceTree = "<group>"; };
		FAC9832823D05AF2008A7CCA /* LibraryViewController.swift */ = {isa = PBXFileReference; lastKnownFileType = sourcecode.swift; path = LibraryViewController.swift; sourceTree = "<group>"; };
		FAC9832A23D07D94008A7CCA /* ResponsModel.swift */ = {isa = PBXFileReference; lastKnownFileType = sourcecode.swift; path = ResponsModel.swift; sourceTree = "<group>"; };
		FAC9832D23D0819D008A7CCA /* SearchInteractor.swift */ = {isa = PBXFileReference; lastKnownFileType = sourcecode.swift; path = SearchInteractor.swift; sourceTree = "<group>"; };
		FAC9832F23D081B4008A7CCA /* SearchPresenter.swift */ = {isa = PBXFileReference; lastKnownFileType = sourcecode.swift; path = SearchPresenter.swift; sourceTree = "<group>"; };
		FADA614A23D087230044E019 /* DataProvider.swift */ = {isa = PBXFileReference; lastKnownFileType = sourcecode.swift; path = DataProvider.swift; sourceTree = "<group>"; };
		FAEBBD9223E3094600B6F244 /* CMTime + Extension.swift */ = {isa = PBXFileReference; lastKnownFileType = sourcecode.swift; path = "CMTime + Extension.swift"; sourceTree = "<group>"; };
		FAF9C66B23ED547900EDFBB5 /* PersistentStore.xcdatamodel */ = {isa = PBXFileReference; lastKnownFileType = wrapper.xcdatamodel; path = PersistentStore.xcdatamodel; sourceTree = "<group>"; };
		FAF9C66D23ED555900EDFBB5 /* StoreManager.swift */ = {isa = PBXFileReference; lastKnownFileType = sourcecode.swift; path = StoreManager.swift; sourceTree = "<group>"; };
		FAF9C66F23ED560700EDFBB5 /* StoreTrack+CoreDataClass.swift */ = {isa = PBXFileReference; lastKnownFileType = sourcecode.swift; path = "StoreTrack+CoreDataClass.swift"; sourceTree = "<group>"; };
		FAF9C67023ED560700EDFBB5 /* StoreTrack+CoreDataProperties.swift */ = {isa = PBXFileReference; lastKnownFileType = sourcecode.swift; path = "StoreTrack+CoreDataProperties.swift"; sourceTree = "<group>"; };
		FAF9C67323ED984700EDFBB5 /* LibraryInteractor.swift */ = {isa = PBXFileReference; lastKnownFileType = sourcecode.swift; path = LibraryInteractor.swift; sourceTree = "<group>"; };
		FAF9C67523ED985700EDFBB5 /* LibraryPresenter.swift */ = {isa = PBXFileReference; lastKnownFileType = sourcecode.swift; path = LibraryPresenter.swift; sourceTree = "<group>"; };
/* End PBXFileReference section */

/* Begin PBXFrameworksBuildPhase section */
		FAC9830A23D05753008A7CCA /* Frameworks */ = {
			isa = PBXFrameworksBuildPhase;
			buildActionMask = 2147483647;
			files = (
			);
			runOnlyForDeploymentPostprocessing = 0;
		};
/* End PBXFrameworksBuildPhase section */

/* Begin PBXGroup section */
		FA70998C23D1D1C700C7E1AA /* TrackPlayer */ = {
			isa = PBXGroup;
			children = (
				FA70998D23D1D21100C7E1AA /* TrackPlayerView.swift */,
			);
			path = TrackPlayer;
			sourceTree = "<group>";
		};
		FAC9830423D05753008A7CCA = {
			isa = PBXGroup;
			children = (
				FAF9C66F23ED560700EDFBB5 /* StoreTrack+CoreDataClass.swift */,
				FAF9C67023ED560700EDFBB5 /* StoreTrack+CoreDataProperties.swift */,
				FAC9830F23D05753008A7CCA /* iTunesPlayer */,
				FAC9830E23D05753008A7CCA /* Products */,
			);
			sourceTree = "<group>";
		};
		FAC9830E23D05753008A7CCA /* Products */ = {
			isa = PBXGroup;
			children = (
				FAC9830D23D05753008A7CCA /* iTunesPlayer.app */,
			);
			name = Products;
			sourceTree = "<group>";
		};
		FAC9830F23D05753008A7CCA /* iTunesPlayer */ = {
			isa = PBXGroup;
			children = (
				FAC9831023D05753008A7CCA /* AppDelegate.swift */,
				FAC9831223D05753008A7CCA /* SceneDelegate.swift */,
				FAC9832423D05A5F008A7CCA /* MainTabBarController.swift */,
				FAC9832C23D08168008A7CCA /* SearchScreen */,
				FA70998C23D1D1C700C7E1AA /* TrackPlayer */,
				FAC9832823D05AF2008A7CCA /* LibraryViewController.swift */,
				FAF9C67523ED985700EDFBB5 /* LibraryPresenter.swift */,
				FAF9C67323ED984700EDFBB5 /* LibraryInteractor.swift */,
				FAF9C66D23ED555900EDFBB5 /* StoreManager.swift */,
				FAEBBD9223E3094600B6F244 /* CMTime + Extension.swift */,
				FAC9832A23D07D94008A7CCA /* ResponsModel.swift */,
				FADA614A23D087230044E019 /* DataProvider.swift */,
				FAB8792F23D092D500A99957 /* Extension + UIViewController.swift */,
				FAF9C66A23ED547900EDFBB5 /* PersistentStore.xcdatamodeld */,
				FAC9831923D05763008A7CCA /* Assets.xcassets */,
				FAC9831B23D05763008A7CCA /* LaunchScreen.storyboard */,
				FAC9831E23D05763008A7CCA /* Info.plist */,
			);
			path = iTunesPlayer;
			sourceTree = "<group>";
		};
		FAC9832C23D08168008A7CCA /* SearchScreen */ = {
			isa = PBXGroup;
			children = (
				FAC9832623D05ACC008A7CCA /* SearchViewController.swift */,
				FAC9832D23D0819D008A7CCA /* SearchInteractor.swift */,
				FAC9832F23D081B4008A7CCA /* SearchPresenter.swift */,
				FAB8793123D095C200A99957 /* TrackTableViewCell.swift */,
			);
			path = SearchScreen;
			sourceTree = "<group>";
		};
/* End PBXGroup section */

/* Begin PBXNativeTarget section */
		FAC9830C23D05753008A7CCA /* iTunesPlayer */ = {
			isa = PBXNativeTarget;
			buildConfigurationList = FAC9832123D05763008A7CCA /* Build configuration list for PBXNativeTarget "iTunesPlayer" */;
			buildPhases = (
				FAC9830923D05753008A7CCA /* Sources */,
				FAC9830A23D05753008A7CCA /* Frameworks */,
				FAC9830B23D05753008A7CCA /* Resources */,
			);
			buildRules = (
			);
			dependencies = (
			);
			name = iTunesPlayer;
			productName = iTunesPlayer;
			productReference = FAC9830D23D05753008A7CCA /* iTunesPlayer.app */;
			productType = "com.apple.product-type.application";
		};
/* End PBXNativeTarget section */

/* Begin PBXProject section */
		FAC9830523D05753008A7CCA /* Project object */ = {
			isa = PBXProject;
			attributes = {
				LastSwiftUpdateCheck = 1130;
				LastUpgradeCheck = 1130;
				ORGANIZATIONNAME = Alex;
				TargetAttributes = {
					FAC9830C23D05753008A7CCA = {
						CreatedOnToolsVersion = 11.3;
					};
				};
			};
			buildConfigurationList = FAC9830823D05753008A7CCA /* Build configuration list for PBXProject "iTunesPlayer" */;
			compatibilityVersion = "Xcode 9.3";
			developmentRegion = en;
			hasScannedForEncodings = 0;
			knownRegions = (
				en,
				Base,
			);
			mainGroup = FAC9830423D05753008A7CCA;
			productRefGroup = FAC9830E23D05753008A7CCA /* Products */;
			projectDirPath = "";
			projectRoot = "";
			targets = (
				FAC9830C23D05753008A7CCA /* iTunesPlayer */,
			);
		};
/* End PBXProject section */

/* Begin PBXResourcesBuildPhase section */
		FAC9830B23D05753008A7CCA /* Resources */ = {
			isa = PBXResourcesBuildPhase;
			buildActionMask = 2147483647;
			files = (
				FAC9831D23D05763008A7CCA /* LaunchScreen.storyboard in Resources */,
				FAC9831A23D05763008A7CCA /* Assets.xcassets in Resources */,
			);
			runOnlyForDeploymentPostprocessing = 0;
		};
/* End PBXResourcesBuildPhase section */

/* Begin PBXSourcesBuildPhase section */
		FAC9830923D05753008A7CCA /* Sources */ = {
			isa = PBXSourcesBuildPhase;
			buildActionMask = 2147483647;
			files = (
				FAF9C67423ED984700EDFBB5 /* LibraryInteractor.swift in Sources */,
				FAC9832723D05ACC008A7CCA /* SearchViewController.swift in Sources */,
				FAC9832923D05AF2008A7CCA /* LibraryViewController.swift in Sources */,
				FA70998E23D1D21100C7E1AA /* TrackPlayerView.swift in Sources */,
				FAC9832B23D07D94008A7CCA /* ResponsModel.swift in Sources */,
				FAC9831123D05753008A7CCA /* AppDelegate.swift in Sources */,
				FAB8793223D095C200A99957 /* TrackTableViewCell.swift in Sources */,
				FAC9832523D05A5F008A7CCA /* MainTabBarController.swift in Sources */,
				FAC9831323D05753008A7CCA /* SceneDelegate.swift in Sources */,
				FAB8793023D092D500A99957 /* Extension + UIViewController.swift in Sources */,
				FADA614B23D087230044E019 /* DataProvider.swift in Sources */,
				FAF9C66C23ED547900EDFBB5 /* PersistentStore.xcdatamodeld in Sources */,
				FAC9833023D081B4008A7CCA /* SearchPresenter.swift in Sources */,
				FAF9C66E23ED555900EDFBB5 /* StoreManager.swift in Sources */,
				FAEBBD9323E3094600B6F244 /* CMTime + Extension.swift in Sources */,
				FAC9832E23D0819D008A7CCA /* SearchInteractor.swift in Sources */,
				FAF9C67623ED985700EDFBB5 /* LibraryPresenter.swift in Sources */,
				FAF9C67123ED560700EDFBB5 /* StoreTrack+CoreDataClass.swift in Sources */,
				FAF9C67223ED560700EDFBB5 /* StoreTrack+CoreDataProperties.swift in Sources */,
			);
			runOnlyForDeploymentPostprocessing = 0;
		};
/* End PBXSourcesBuildPhase section */

/* Begin PBXVariantGroup section */
		FAC9831B23D05763008A7CCA /* LaunchScreen.storyboard */ = {
			isa = PBXVariantGroup;
			children = (
				FAC9831C23D05763008A7CCA /* Base */,
			);
			name = LaunchScreen.storyboard;
			sourceTree = "<group>";
		};
/* End PBXVariantGroup section */

/* Begin XCBuildConfiguration section */
		FAC9831F23D05763008A7CCA /* Debug */ = {
			isa = XCBuildConfiguration;
			buildSettings = {
				ALWAYS_SEARCH_USER_PATHS = NO;
				CLANG_ANALYZER_NONNULL = YES;
				CLANG_ANALYZER_NUMBER_OBJECT_CONVERSION = YES_AGGRESSIVE;
				CLANG_CXX_LANGUAGE_STANDARD = "gnu++14";
				CLANG_CXX_LIBRARY = "libc++";
				CLANG_ENABLE_MODULES = YES;
				CLANG_ENABLE_OBJC_ARC = YES;
				CLANG_ENABLE_OBJC_WEAK = YES;
				CLANG_WARN_BLOCK_CAPTURE_AUTORELEASING = YES;
				CLANG_WARN_BOOL_CONVERSION = YES;
				CLANG_WARN_COMMA = YES;
				CLANG_WARN_CONSTANT_CONVERSION = YES;
				CLANG_WARN_DEPRECATED_OBJC_IMPLEMENTATIONS = YES;
				CLANG_WARN_DIRECT_OBJC_ISA_USAGE = YES_ERROR;
				CLANG_WARN_DOCUMENTATION_COMMENTS = YES;
				CLANG_WARN_EMPTY_BODY = YES;
				CLANG_WARN_ENUM_CONVERSION = YES;
				CLANG_WARN_INFINITE_RECURSION = YES;
				CLANG_WARN_INT_CONVERSION = YES;
				CLANG_WARN_NON_LITERAL_NULL_CONVERSION = YES;
				CLANG_WARN_OBJC_IMPLICIT_RETAIN_SELF = YES;
				CLANG_WARN_OBJC_LITERAL_CONVERSION = YES;
				CLANG_WARN_OBJC_ROOT_CLASS = YES_ERROR;
				CLANG_WARN_RANGE_LOOP_ANALYSIS = YES;
				CLANG_WARN_STRICT_PROTOTYPES = YES;
				CLANG_WARN_SUSPICIOUS_MOVE = YES;
				CLANG_WARN_UNGUARDED_AVAILABILITY = YES_AGGRESSIVE;
				CLANG_WARN_UNREACHABLE_CODE = YES;
				CLANG_WARN__DUPLICATE_METHOD_MATCH = YES;
				COPY_PHASE_STRIP = NO;
				DEBUG_INFORMATION_FORMAT = dwarf;
				ENABLE_STRICT_OBJC_MSGSEND = YES;
				ENABLE_TESTABILITY = YES;
				GCC_C_LANGUAGE_STANDARD = gnu11;
				GCC_DYNAMIC_NO_PIC = NO;
				GCC_NO_COMMON_BLOCKS = YES;
				GCC_OPTIMIZATION_LEVEL = 0;
				GCC_PREPROCESSOR_DEFINITIONS = (
					"DEBUG=1",
					"$(inherited)",
				);
				GCC_WARN_64_TO_32_BIT_CONVERSION = YES;
				GCC_WARN_ABOUT_RETURN_TYPE = YES_ERROR;
				GCC_WARN_UNDECLARED_SELECTOR = YES;
				GCC_WARN_UNINITIALIZED_AUTOS = YES_AGGRESSIVE;
				GCC_WARN_UNUSED_FUNCTION = YES;
				GCC_WARN_UNUSED_VARIABLE = YES;
				IPHONEOS_DEPLOYMENT_TARGET = 13.2;
				MTL_ENABLE_DEBUG_INFO = INCLUDE_SOURCE;
				MTL_FAST_MATH = YES;
				ONLY_ACTIVE_ARCH = YES;
				SDKROOT = iphoneos;
				SWIFT_ACTIVE_COMPILATION_CONDITIONS = DEBUG;
				SWIFT_OPTIMIZATION_LEVEL = "-Onone";
			};
			name = Debug;
		};
		FAC9832023D05763008A7CCA /* Release */ = {
			isa = XCBuildConfiguration;
			buildSettings = {
				ALWAYS_SEARCH_USER_PATHS = NO;
				CLANG_ANALYZER_NONNULL = YES;
				CLANG_ANALYZER_NUMBER_OBJECT_CONVERSION = YES_AGGRESSIVE;
				CLANG_CXX_LANGUAGE_STANDARD = "gnu++14";
				CLANG_CXX_LIBRARY = "libc++";
				CLANG_ENABLE_MODULES = YES;
				CLANG_ENABLE_OBJC_ARC = YES;
				CLANG_ENABLE_OBJC_WEAK = YES;
				CLANG_WARN_BLOCK_CAPTURE_AUTORELEASING = YES;
				CLANG_WARN_BOOL_CONVERSION = YES;
				CLANG_WARN_COMMA = YES;
				CLANG_WARN_CONSTANT_CONVERSION = YES;
				CLANG_WARN_DEPRECATED_OBJC_IMPLEMENTATIONS = YES;
				CLANG_WARN_DIRECT_OBJC_ISA_USAGE = YES_ERROR;
				CLANG_WARN_DOCUMENTATION_COMMENTS = YES;
				CLANG_WARN_EMPTY_BODY = YES;
				CLANG_WARN_ENUM_CONVERSION = YES;
				CLANG_WARN_INFINITE_RECURSION = YES;
				CLANG_WARN_INT_CONVERSION = YES;
				CLANG_WARN_NON_LITERAL_NULL_CONVERSION = YES;
				CLANG_WARN_OBJC_IMPLICIT_RETAIN_SELF = YES;
				CLANG_WARN_OBJC_LITERAL_CONVERSION = YES;
				CLANG_WARN_OBJC_ROOT_CLASS = YES_ERROR;
				CLANG_WARN_RANGE_LOOP_ANALYSIS = YES;
				CLANG_WARN_STRICT_PROTOTYPES = YES;
				CLANG_WARN_SUSPICIOUS_MOVE = YES;
				CLANG_WARN_UNGUARDED_AVAILABILITY = YES_AGGRESSIVE;
				CLANG_WARN_UNREACHABLE_CODE = YES;
				CLANG_WARN__DUPLICATE_METHOD_MATCH = YES;
				COPY_PHASE_STRIP = NO;
				DEBUG_INFORMATION_FORMAT = "dwarf-with-dsym";
				ENABLE_NS_ASSERTIONS = NO;
				ENABLE_STRICT_OBJC_MSGSEND = YES;
				GCC_C_LANGUAGE_STANDARD = gnu11;
				GCC_NO_COMMON_BLOCKS = YES;
				GCC_WARN_64_TO_32_BIT_CONVERSION = YES;
				GCC_WARN_ABOUT_RETURN_TYPE = YES_ERROR;
				GCC_WARN_UNDECLARED_SELECTOR = YES;
				GCC_WARN_UNINITIALIZED_AUTOS = YES_AGGRESSIVE;
				GCC_WARN_UNUSED_FUNCTION = YES;
				GCC_WARN_UNUSED_VARIABLE = YES;
				IPHONEOS_DEPLOYMENT_TARGET = 13.2;
				MTL_ENABLE_DEBUG_INFO = NO;
				MTL_FAST_MATH = YES;
				SDKROOT = iphoneos;
				SWIFT_COMPILATION_MODE = wholemodule;
				SWIFT_OPTIMIZATION_LEVEL = "-O";
				VALIDATE_PRODUCT = YES;
			};
			name = Release;
		};
		FAC9832223D05763008A7CCA /* Debug */ = {
			isa = XCBuildConfiguration;
			buildSettings = {
				ASSETCATALOG_COMPILER_APPICON_NAME = AppIcon;
				CODE_SIGN_IDENTITY = "Apple Development";
				CODE_SIGN_STYLE = Automatic;
				DEVELOPMENT_TEAM = PSSGUD5C34;
				INFOPLIST_FILE = iTunesPlayer/Info.plist;
				LD_RUNPATH_SEARCH_PATHS = (
					"$(inherited)",
					"@executable_path/Frameworks",
				);
				PRODUCT_BUNDLE_IDENTIFIER = home.iTunesPlayer1;
				PRODUCT_NAME = "$(TARGET_NAME)";
				PROVISIONING_PROFILE_SPECIFIER = "";
				SWIFT_VERSION = 5.0;
				TARGETED_DEVICE_FAMILY = "1,2";
			};
			name = Debug;
		};
		FAC9832323D05763008A7CCA /* Release */ = {
			isa = XCBuildConfiguration;
			buildSettings = {
				ASSETCATALOG_COMPILER_APPICON_NAME = AppIcon;
				CODE_SIGN_IDENTITY = "Apple Development";
				CODE_SIGN_STYLE = Automatic;
				DEVELOPMENT_TEAM = PSSGUD5C34;
				INFOPLIST_FILE = iTunesPlayer/Info.plist;
				LD_RUNPATH_SEARCH_PATHS = (
					"$(inherited)",
					"@executable_path/Frameworks",
				);
				PRODUCT_BUNDLE_IDENTIFIER = home.iTunesPlayer1;
				PRODUCT_NAME = "$(TARGET_NAME)";
				PROVISIONING_PROFILE_SPECIFIER = "";
				SWIFT_VERSION = 5.0;
				TARGETED_DEVICE_FAMILY = "1,2";
			};
			name = Release;
		};
/* End XCBuildConfiguration section */

/* Begin XCConfigurationList section */
		FAC9830823D05753008A7CCA /* Build configuration list for PBXProject "iTunesPlayer" */ = {
			isa = XCConfigurationList;
			buildConfigurations = (
				FAC9831F23D05763008A7CCA /* Debug */,
				FAC9832023D05763008A7CCA /* Release */,
			);
			defaultConfigurationIsVisible = 0;
			defaultConfigurationName = Release;
		};
		FAC9832123D05763008A7CCA /* Build configuration list for PBXNativeTarget "iTunesPlayer" */ = {
			isa = XCConfigurationList;
			buildConfigurations = (
				FAC9832223D05763008A7CCA /* Debug */,
				FAC9832323D05763008A7CCA /* Release */,
			);
			defaultConfigurationIsVisible = 0;
			defaultConfigurationName = Release;
		};
/* End XCConfigurationList section */

/* Begin XCVersionGroup section */
		FAF9C66A23ED547900EDFBB5 /* PersistentStore.xcdatamodeld */ = {
			isa = XCVersionGroup;
			children = (
				FAF9C66B23ED547900EDFBB5 /* PersistentStore.xcdatamodel */,
			);
			currentVersion = FAF9C66B23ED547900EDFBB5 /* PersistentStore.xcdatamodel */;
			path = PersistentStore.xcdatamodeld;
			sourceTree = "<group>";
			versionGroupType = wrapper.xcdatamodel;
		};
/* End XCVersionGroup section */
	};
	rootObject = FAC9830523D05753008A7CCA /* Project object */;
}
